
Microsoft Visual Studio Solution File, Format Version 12.00
# Visual Studio 15
VisualStudioVersion = 15.0.26124.0
MinimumVisualStudioVersion = 15.0.26124.0
Project("{FAE04EC0-301F-11D3-BF4B-00C04F79EFBC}") = "HomeIrrigation.Core", "HomeIrrigation.Core\HomeIrrigation.Core.csproj", "{16925F90-F93B-4AD5-BA33-7686018573DA}"
EndProject
Project("{FAE04EC0-301F-11D3-BF4B-00C04F79EFBC}") = "HomeIrrigation.Core.Tests", "HomeIrrigation.Core.Tests\HomeIrrigation.Core.Tests.csproj", "{504F76CE-65E8-439A-8BB2-09A36E0042A8}"
EndProject
Project("{FAE04EC0-301F-11D3-BF4B-00C04F79EFBC}") = "HomeIrrigation.EventStore.Tests", "HomeIrrigation.EventStore.Tests\HomeIrrigation.EventStore.Tests.csproj", "{5EB628BC-9243-447C-AE2A-0854B413AA64}"
EndProject
Project("{FAE04EC0-301F-11D3-BF4B-00C04F79EFBC}") = "HomeIrrigation.EventStore", "HomeIrrigation.EventStore\HomeIrrigation.EventStore.csproj", "{9BBC7637-D927-4B16-927C-17BDBFB23362}"
EndProject
Project("{FAE04EC0-301F-11D3-BF4B-00C04F79EFBC}") = "HomeIrrigation.ESFramework.Common", "HomeIrrigation.ESFramework.Common\HomeIrrigation.ESFramework.Common.csproj", "{11D67216-E0CD-49DC-9D13-C2D4792EDFAF}"
EndProject
Project("{FAE04EC0-301F-11D3-BF4B-00C04F79EFBC}") = "HomeIrrigation.ESEvents.Common", "HomeIrrigation.ESEvents.Common\HomeIrrigation.ESEvents.Common.csproj", "{975EFE7D-774E-4C0F-8202-C987EAA1F8BF}"
EndProject
Project("{FAE04EC0-301F-11D3-BF4B-00C04F79EFBC}") = "HomeIrrigation.Api", "HomeIrrigation.Api\HomeIrrigation.Api.csproj", "{12ECD49F-10A6-4740-9BE1-B297C57C20C1}"
EndProject
Project("{FAE04EC0-301F-11D3-BF4B-00C04F79EFBC}") = "HomeIrrigation.Api.Tests", "HomeIrrigation.Api.Tests\HomeIrrigation.Api.Tests.csproj", "{BADB8CA8-9E68-4A1D-9087-3DEEF04F6DC0}"
EndProject
Project("{FAE04EC0-301F-11D3-BF4B-00C04F79EFBC}") = "HomeIrrigation.Sprinkler.Service", "HomeIrrigation.Sprinkler.Service\HomeIrrigation.Sprinkler.Service.csproj", "{1F0580E4-1C72-4342-9F04-6CFFB28541EF}"
EndProject
Project("{FAE04EC0-301F-11D3-BF4B-00C04F79EFBC}") = "HomeIrrigation.Data", "HomeIrrigation.Data\HomeIrrigation.Data.csproj", "{8D61F0A6-9AE4-4445-8568-D375C0C6488B}"
EndProject
Project("{FAE04EC0-301F-11D3-BF4B-00C04F79EFBC}") = "HomeIrrigation.Common", "HomeIrrigation.Common\HomeIrrigation.Common.csproj", "{C220EE50-247C-4DC0-AD00-849BDAA6CEC7}"
EndProject
Project("{FAE04EC0-301F-11D3-BF4B-00C04F79EFBC}") = "HomeIrrigation.Weather.Service", "HomeIrrigation.Weather.Service\HomeIrrigation.Weather.Service.csproj", "{392A0F4A-FBAC-4CBC-8FEC-02D44A94546C}"
EndProject
Project("{FAE04EC0-301F-11D3-BF4B-00C04F79EFBC}") = "HomeIrrigation.Weather.Service.Test", "HomeIrrigation.Weather.Service.Test\HomeIrrigation.Weather.Service.Test.csproj", "{DDBBEAED-9C7D-42F0-9651-BA39806D51A1}"
EndProject
Project("{FAE04EC0-301F-11D3-BF4B-00C04F79EFBC}") = "HomeIrrigation.Sprinkler.Service.Test", "HomeIrrigation.Sprinkler.Service.Test\HomeIrrigation.Sprinkler.Service.Test.csproj", "{E5E7628E-D43F-418A-B8A5-9677431F6562}"
EndProject
Project("{FAE04EC0-301F-11D3-BF4B-00C04F79EFBC}") = "HomeIrrigation.Sprinkler.Service.ConsoleApp", "HomeIrrigation.Sprinkler.Service.ConsoleApp\HomeIrrigation.Sprinkler.Service.ConsoleApp.csproj", "{B1391E10-22C1-4235-ACEC-2D1CB9BCFE58}"
EndProject
Project("{FAE04EC0-301F-11D3-BF4B-00C04F79EFBC}") = "Irrigation.Common", "Irrigation.Common\Irrigation.Common.csproj", "{5D5AE690-B5B0-4056-9FD5-620B23698FCE}"
EndProject
Project("{FAE04EC0-301F-11D3-BF4B-00C04F79EFBC}") = "HomeIrrigation.ML.Test", "HomeIrrigation.ML.Test\HomeIrrigation.ML.Test.csproj", "{0C588A1C-AD39-4A18-9CAD-89E109ABA9F9}"
EndProject
Project("{FAE04EC0-301F-11D3-BF4B-00C04F79EFBC}") = "HomeIrrigation.ML", "HomeIrrigation.ML\HomeIrrigation.ML.csproj", "{0B2B5CA9-2C0B-430C-AB2E-9FBBD8980709}"
EndProject
Project("{FAE04EC0-301F-11D3-BF4B-00C04F79EFBC}") = "HomeIrrigation.ML.Console", "HomeIrrigation.ML.Console\HomeIrrigation.ML.Console.csproj", "{7EF734F9-0CC8-49E9-A608-A215B036A7AA}"
EndProject
Global
	GlobalSection(SolutionConfigurationPlatforms) = preSolution
		Debug|Any CPU = Debug|Any CPU
		Debug|x64 = Debug|x64
		Debug|x86 = Debug|x86
		Release|Any CPU = Release|Any CPU
		Release|x64 = Release|x64
		Release|x86 = Release|x86
	EndGlobalSection
	GlobalSection(SolutionProperties) = preSolution
		HideSolutionNode = FALSE
	EndGlobalSection
	GlobalSection(ProjectConfigurationPlatforms) = postSolution
		{16925F90-F93B-4AD5-BA33-7686018573DA}.Debug|Any CPU.ActiveCfg = Debug|Any CPU
		{16925F90-F93B-4AD5-BA33-7686018573DA}.Debug|Any CPU.Build.0 = Debug|Any CPU
		{16925F90-F93B-4AD5-BA33-7686018573DA}.Debug|x64.ActiveCfg = Debug|Any CPU
		{16925F90-F93B-4AD5-BA33-7686018573DA}.Debug|x64.Build.0 = Debug|Any CPU
		{16925F90-F93B-4AD5-BA33-7686018573DA}.Debug|x86.ActiveCfg = Debug|Any CPU
		{16925F90-F93B-4AD5-BA33-7686018573DA}.Debug|x86.Build.0 = Debug|Any CPU
		{16925F90-F93B-4AD5-BA33-7686018573DA}.Release|Any CPU.ActiveCfg = Release|Any CPU
		{16925F90-F93B-4AD5-BA33-7686018573DA}.Release|Any CPU.Build.0 = Release|Any CPU
		{16925F90-F93B-4AD5-BA33-7686018573DA}.Release|x64.ActiveCfg = Release|Any CPU
		{16925F90-F93B-4AD5-BA33-7686018573DA}.Release|x64.Build.0 = Release|Any CPU
		{16925F90-F93B-4AD5-BA33-7686018573DA}.Release|x86.ActiveCfg = Release|Any CPU
		{16925F90-F93B-4AD5-BA33-7686018573DA}.Release|x86.Build.0 = Release|Any CPU
		{504F76CE-65E8-439A-8BB2-09A36E0042A8}.Debug|Any CPU.ActiveCfg = Debug|Any CPU
		{504F76CE-65E8-439A-8BB2-09A36E0042A8}.Debug|Any CPU.Build.0 = Debug|Any CPU
		{504F76CE-65E8-439A-8BB2-09A36E0042A8}.Debug|x64.ActiveCfg = Debug|Any CPU
		{504F76CE-65E8-439A-8BB2-09A36E0042A8}.Debug|x64.Build.0 = Debug|Any CPU
		{504F76CE-65E8-439A-8BB2-09A36E0042A8}.Debug|x86.ActiveCfg = Debug|Any CPU
		{504F76CE-65E8-439A-8BB2-09A36E0042A8}.Debug|x86.Build.0 = Debug|Any CPU
		{504F76CE-65E8-439A-8BB2-09A36E0042A8}.Release|Any CPU.ActiveCfg = Release|Any CPU
		{504F76CE-65E8-439A-8BB2-09A36E0042A8}.Release|Any CPU.Build.0 = Release|Any CPU
		{504F76CE-65E8-439A-8BB2-09A36E0042A8}.Release|x64.ActiveCfg = Release|Any CPU
		{504F76CE-65E8-439A-8BB2-09A36E0042A8}.Release|x64.Build.0 = Release|Any CPU
		{504F76CE-65E8-439A-8BB2-09A36E0042A8}.Release|x86.ActiveCfg = Release|Any CPU
		{504F76CE-65E8-439A-8BB2-09A36E0042A8}.Release|x86.Build.0 = Release|Any CPU
		{5EB628BC-9243-447C-AE2A-0854B413AA64}.Debug|Any CPU.ActiveCfg = Debug|Any CPU
		{5EB628BC-9243-447C-AE2A-0854B413AA64}.Debug|Any CPU.Build.0 = Debug|Any CPU
		{5EB628BC-9243-447C-AE2A-0854B413AA64}.Debug|x64.ActiveCfg = Debug|Any CPU
		{5EB628BC-9243-447C-AE2A-0854B413AA64}.Debug|x64.Build.0 = Debug|Any CPU
		{5EB628BC-9243-447C-AE2A-0854B413AA64}.Debug|x86.ActiveCfg = Debug|Any CPU
		{5EB628BC-9243-447C-AE2A-0854B413AA64}.Debug|x86.Build.0 = Debug|Any CPU
		{5EB628BC-9243-447C-AE2A-0854B413AA64}.Release|Any CPU.ActiveCfg = Release|Any CPU
		{5EB628BC-9243-447C-AE2A-0854B413AA64}.Release|Any CPU.Build.0 = Release|Any CPU
		{5EB628BC-9243-447C-AE2A-0854B413AA64}.Release|x64.ActiveCfg = Release|Any CPU
		{5EB628BC-9243-447C-AE2A-0854B413AA64}.Release|x64.Build.0 = Release|Any CPU
		{5EB628BC-9243-447C-AE2A-0854B413AA64}.Release|x86.ActiveCfg = Release|Any CPU
		{5EB628BC-9243-447C-AE2A-0854B413AA64}.Release|x86.Build.0 = Release|Any CPU
		{9BBC7637-D927-4B16-927C-17BDBFB23362}.Debug|Any CPU.ActiveCfg = Debug|Any CPU
		{9BBC7637-D927-4B16-927C-17BDBFB23362}.Debug|Any CPU.Build.0 = Debug|Any CPU
		{9BBC7637-D927-4B16-927C-17BDBFB23362}.Debug|x64.ActiveCfg = Debug|Any CPU
		{9BBC7637-D927-4B16-927C-17BDBFB23362}.Debug|x64.Build.0 = Debug|Any CPU
		{9BBC7637-D927-4B16-927C-17BDBFB23362}.Debug|x86.ActiveCfg = Debug|Any CPU
		{9BBC7637-D927-4B16-927C-17BDBFB23362}.Debug|x86.Build.0 = Debug|Any CPU
		{9BBC7637-D927-4B16-927C-17BDBFB23362}.Release|Any CPU.ActiveCfg = Release|Any CPU
		{9BBC7637-D927-4B16-927C-17BDBFB23362}.Release|Any CPU.Build.0 = Release|Any CPU
		{9BBC7637-D927-4B16-927C-17BDBFB23362}.Release|x64.ActiveCfg = Release|Any CPU
		{9BBC7637-D927-4B16-927C-17BDBFB23362}.Release|x64.Build.0 = Release|Any CPU
		{9BBC7637-D927-4B16-927C-17BDBFB23362}.Release|x86.ActiveCfg = Release|Any CPU
		{9BBC7637-D927-4B16-927C-17BDBFB23362}.Release|x86.Build.0 = Release|Any CPU
		{11D67216-E0CD-49DC-9D13-C2D4792EDFAF}.Debug|Any CPU.ActiveCfg = Debug|Any CPU
		{11D67216-E0CD-49DC-9D13-C2D4792EDFAF}.Debug|Any CPU.Build.0 = Debug|Any CPU
		{11D67216-E0CD-49DC-9D13-C2D4792EDFAF}.Debug|x64.ActiveCfg = Debug|Any CPU
		{11D67216-E0CD-49DC-9D13-C2D4792EDFAF}.Debug|x64.Build.0 = Debug|Any CPU
		{11D67216-E0CD-49DC-9D13-C2D4792EDFAF}.Debug|x86.ActiveCfg = Debug|Any CPU
		{11D67216-E0CD-49DC-9D13-C2D4792EDFAF}.Debug|x86.Build.0 = Debug|Any CPU
		{11D67216-E0CD-49DC-9D13-C2D4792EDFAF}.Release|Any CPU.ActiveCfg = Release|Any CPU
		{11D67216-E0CD-49DC-9D13-C2D4792EDFAF}.Release|Any CPU.Build.0 = Release|Any CPU
		{11D67216-E0CD-49DC-9D13-C2D4792EDFAF}.Release|x64.ActiveCfg = Release|Any CPU
		{11D67216-E0CD-49DC-9D13-C2D4792EDFAF}.Release|x64.Build.0 = Release|Any CPU
		{11D67216-E0CD-49DC-9D13-C2D4792EDFAF}.Release|x86.ActiveCfg = Release|Any CPU
		{11D67216-E0CD-49DC-9D13-C2D4792EDFAF}.Release|x86.Build.0 = Release|Any CPU
		{975EFE7D-774E-4C0F-8202-C987EAA1F8BF}.Debug|Any CPU.ActiveCfg = Debug|Any CPU
		{975EFE7D-774E-4C0F-8202-C987EAA1F8BF}.Debug|Any CPU.Build.0 = Debug|Any CPU
		{975EFE7D-774E-4C0F-8202-C987EAA1F8BF}.Debug|x64.ActiveCfg = Debug|Any CPU
		{975EFE7D-774E-4C0F-8202-C987EAA1F8BF}.Debug|x64.Build.0 = Debug|Any CPU
		{975EFE7D-774E-4C0F-8202-C987EAA1F8BF}.Debug|x86.ActiveCfg = Debug|Any CPU
		{975EFE7D-774E-4C0F-8202-C987EAA1F8BF}.Debug|x86.Build.0 = Debug|Any CPU
		{975EFE7D-774E-4C0F-8202-C987EAA1F8BF}.Release|Any CPU.ActiveCfg = Release|Any CPU
		{975EFE7D-774E-4C0F-8202-C987EAA1F8BF}.Release|Any CPU.Build.0 = Release|Any CPU
		{975EFE7D-774E-4C0F-8202-C987EAA1F8BF}.Release|x64.ActiveCfg = Release|Any CPU
		{975EFE7D-774E-4C0F-8202-C987EAA1F8BF}.Release|x64.Build.0 = Release|Any CPU
		{975EFE7D-774E-4C0F-8202-C987EAA1F8BF}.Release|x86.ActiveCfg = Release|Any CPU
		{975EFE7D-774E-4C0F-8202-C987EAA1F8BF}.Release|x86.Build.0 = Release|Any CPU
		{12ECD49F-10A6-4740-9BE1-B297C57C20C1}.Debug|Any CPU.ActiveCfg = Debug|Any CPU
		{12ECD49F-10A6-4740-9BE1-B297C57C20C1}.Debug|Any CPU.Build.0 = Debug|Any CPU
		{12ECD49F-10A6-4740-9BE1-B297C57C20C1}.Debug|x64.ActiveCfg = Debug|Any CPU
		{12ECD49F-10A6-4740-9BE1-B297C57C20C1}.Debug|x64.Build.0 = Debug|Any CPU
		{12ECD49F-10A6-4740-9BE1-B297C57C20C1}.Debug|x86.ActiveCfg = Debug|Any CPU
		{12ECD49F-10A6-4740-9BE1-B297C57C20C1}.Debug|x86.Build.0 = Debug|Any CPU
		{12ECD49F-10A6-4740-9BE1-B297C57C20C1}.Release|Any CPU.ActiveCfg = Release|Any CPU
		{12ECD49F-10A6-4740-9BE1-B297C57C20C1}.Release|Any CPU.Build.0 = Release|Any CPU
		{12ECD49F-10A6-4740-9BE1-B297C57C20C1}.Release|x64.ActiveCfg = Release|Any CPU
		{12ECD49F-10A6-4740-9BE1-B297C57C20C1}.Release|x64.Build.0 = Release|Any CPU
		{12ECD49F-10A6-4740-9BE1-B297C57C20C1}.Release|x86.ActiveCfg = Release|Any CPU
		{12ECD49F-10A6-4740-9BE1-B297C57C20C1}.Release|x86.Build.0 = Release|Any CPU
		{BADB8CA8-9E68-4A1D-9087-3DEEF04F6DC0}.Debug|Any CPU.ActiveCfg = Debug|Any CPU
		{BADB8CA8-9E68-4A1D-9087-3DEEF04F6DC0}.Debug|Any CPU.Build.0 = Debug|Any CPU
		{BADB8CA8-9E68-4A1D-9087-3DEEF04F6DC0}.Debug|x64.ActiveCfg = Debug|Any CPU
		{BADB8CA8-9E68-4A1D-9087-3DEEF04F6DC0}.Debug|x64.Build.0 = Debug|Any CPU
		{BADB8CA8-9E68-4A1D-9087-3DEEF04F6DC0}.Debug|x86.ActiveCfg = Debug|Any CPU
		{BADB8CA8-9E68-4A1D-9087-3DEEF04F6DC0}.Debug|x86.Build.0 = Debug|Any CPU
		{BADB8CA8-9E68-4A1D-9087-3DEEF04F6DC0}.Release|Any CPU.ActiveCfg = Release|Any CPU
		{BADB8CA8-9E68-4A1D-9087-3DEEF04F6DC0}.Release|Any CPU.Build.0 = Release|Any CPU
		{BADB8CA8-9E68-4A1D-9087-3DEEF04F6DC0}.Release|x64.ActiveCfg = Release|Any CPU
		{BADB8CA8-9E68-4A1D-9087-3DEEF04F6DC0}.Release|x64.Build.0 = Release|Any CPU
		{BADB8CA8-9E68-4A1D-9087-3DEEF04F6DC0}.Release|x86.ActiveCfg = Release|Any CPU
		{BADB8CA8-9E68-4A1D-9087-3DEEF04F6DC0}.Release|x86.Build.0 = Release|Any CPU
		{1F0580E4-1C72-4342-9F04-6CFFB28541EF}.Debug|Any CPU.ActiveCfg = Debug|Any CPU
		{1F0580E4-1C72-4342-9F04-6CFFB28541EF}.Debug|Any CPU.Build.0 = Debug|Any CPU
		{1F0580E4-1C72-4342-9F04-6CFFB28541EF}.Debug|x64.ActiveCfg = Debug|Any CPU
		{1F0580E4-1C72-4342-9F04-6CFFB28541EF}.Debug|x64.Build.0 = Debug|Any CPU
		{1F0580E4-1C72-4342-9F04-6CFFB28541EF}.Debug|x86.ActiveCfg = Debug|Any CPU
		{1F0580E4-1C72-4342-9F04-6CFFB28541EF}.Debug|x86.Build.0 = Debug|Any CPU
		{1F0580E4-1C72-4342-9F04-6CFFB28541EF}.Release|Any CPU.ActiveCfg = Release|Any CPU
		{1F0580E4-1C72-4342-9F04-6CFFB28541EF}.Release|Any CPU.Build.0 = Release|Any CPU
		{1F0580E4-1C72-4342-9F04-6CFFB28541EF}.Release|x64.ActiveCfg = Release|Any CPU
		{1F0580E4-1C72-4342-9F04-6CFFB28541EF}.Release|x64.Build.0 = Release|Any CPU
		{1F0580E4-1C72-4342-9F04-6CFFB28541EF}.Release|x86.ActiveCfg = Release|Any CPU
		{1F0580E4-1C72-4342-9F04-6CFFB28541EF}.Release|x86.Build.0 = Release|Any CPU
		{8D61F0A6-9AE4-4445-8568-D375C0C6488B}.Debug|Any CPU.ActiveCfg = Debug|Any CPU
		{8D61F0A6-9AE4-4445-8568-D375C0C6488B}.Debug|Any CPU.Build.0 = Debug|Any CPU
		{8D61F0A6-9AE4-4445-8568-D375C0C6488B}.Debug|x64.ActiveCfg = Debug|Any CPU
		{8D61F0A6-9AE4-4445-8568-D375C0C6488B}.Debug|x64.Build.0 = Debug|Any CPU
		{8D61F0A6-9AE4-4445-8568-D375C0C6488B}.Debug|x86.ActiveCfg = Debug|Any CPU
		{8D61F0A6-9AE4-4445-8568-D375C0C6488B}.Debug|x86.Build.0 = Debug|Any CPU
		{8D61F0A6-9AE4-4445-8568-D375C0C6488B}.Release|Any CPU.ActiveCfg = Release|Any CPU
		{8D61F0A6-9AE4-4445-8568-D375C0C6488B}.Release|Any CPU.Build.0 = Release|Any CPU
		{8D61F0A6-9AE4-4445-8568-D375C0C6488B}.Release|x64.ActiveCfg = Release|Any CPU
		{8D61F0A6-9AE4-4445-8568-D375C0C6488B}.Release|x64.Build.0 = Release|Any CPU
		{8D61F0A6-9AE4-4445-8568-D375C0C6488B}.Release|x86.ActiveCfg = Release|Any CPU
		{8D61F0A6-9AE4-4445-8568-D375C0C6488B}.Release|x86.Build.0 = Release|Any CPU
		{C220EE50-247C-4DC0-AD00-849BDAA6CEC7}.Debug|Any CPU.ActiveCfg = Debug|Any CPU
		{C220EE50-247C-4DC0-AD00-849BDAA6CEC7}.Debug|Any CPU.Build.0 = Debug|Any CPU
		{C220EE50-247C-4DC0-AD00-849BDAA6CEC7}.Debug|x64.ActiveCfg = Debug|Any CPU
		{C220EE50-247C-4DC0-AD00-849BDAA6CEC7}.Debug|x64.Build.0 = Debug|Any CPU
		{C220EE50-247C-4DC0-AD00-849BDAA6CEC7}.Debug|x86.ActiveCfg = Debug|Any CPU
		{C220EE50-247C-4DC0-AD00-849BDAA6CEC7}.Debug|x86.Build.0 = Debug|Any CPU
		{C220EE50-247C-4DC0-AD00-849BDAA6CEC7}.Release|Any CPU.ActiveCfg = Release|Any CPU
		{C220EE50-247C-4DC0-AD00-849BDAA6CEC7}.Release|Any CPU.Build.0 = Release|Any CPU
		{C220EE50-247C-4DC0-AD00-849BDAA6CEC7}.Release|x64.ActiveCfg = Release|Any CPU
		{C220EE50-247C-4DC0-AD00-849BDAA6CEC7}.Release|x64.Build.0 = Release|Any CPU
		{C220EE50-247C-4DC0-AD00-849BDAA6CEC7}.Release|x86.ActiveCfg = Release|Any CPU
		{C220EE50-247C-4DC0-AD00-849BDAA6CEC7}.Release|x86.Build.0 = Release|Any CPU
		{392A0F4A-FBAC-4CBC-8FEC-02D44A94546C}.Debug|Any CPU.ActiveCfg = Debug|Any CPU
		{392A0F4A-FBAC-4CBC-8FEC-02D44A94546C}.Debug|Any CPU.Build.0 = Debug|Any CPU
		{392A0F4A-FBAC-4CBC-8FEC-02D44A94546C}.Debug|x64.ActiveCfg = Debug|Any CPU
		{392A0F4A-FBAC-4CBC-8FEC-02D44A94546C}.Debug|x64.Build.0 = Debug|Any CPU
		{392A0F4A-FBAC-4CBC-8FEC-02D44A94546C}.Debug|x86.ActiveCfg = Debug|Any CPU
		{392A0F4A-FBAC-4CBC-8FEC-02D44A94546C}.Debug|x86.Build.0 = Debug|Any CPU
		{392A0F4A-FBAC-4CBC-8FEC-02D44A94546C}.Release|Any CPU.ActiveCfg = Release|Any CPU
		{392A0F4A-FBAC-4CBC-8FEC-02D44A94546C}.Release|Any CPU.Build.0 = Release|Any CPU
		{392A0F4A-FBAC-4CBC-8FEC-02D44A94546C}.Release|x64.ActiveCfg = Release|Any CPU
		{392A0F4A-FBAC-4CBC-8FEC-02D44A94546C}.Release|x64.Build.0 = Release|Any CPU
		{392A0F4A-FBAC-4CBC-8FEC-02D44A94546C}.Release|x86.ActiveCfg = Release|Any CPU
		{392A0F4A-FBAC-4CBC-8FEC-02D44A94546C}.Release|x86.Build.0 = Release|Any CPU
		{DDBBEAED-9C7D-42F0-9651-BA39806D51A1}.Debug|Any CPU.ActiveCfg = Debug|Any CPU
		{DDBBEAED-9C7D-42F0-9651-BA39806D51A1}.Debug|Any CPU.Build.0 = Debug|Any CPU
		{DDBBEAED-9C7D-42F0-9651-BA39806D51A1}.Debug|x64.ActiveCfg = Debug|Any CPU
		{DDBBEAED-9C7D-42F0-9651-BA39806D51A1}.Debug|x64.Build.0 = Debug|Any CPU
		{DDBBEAED-9C7D-42F0-9651-BA39806D51A1}.Debug|x86.ActiveCfg = Debug|Any CPU
		{DDBBEAED-9C7D-42F0-9651-BA39806D51A1}.Debug|x86.Build.0 = Debug|Any CPU
		{DDBBEAED-9C7D-42F0-9651-BA39806D51A1}.Release|Any CPU.ActiveCfg = Release|Any CPU
		{DDBBEAED-9C7D-42F0-9651-BA39806D51A1}.Release|Any CPU.Build.0 = Release|Any CPU
		{DDBBEAED-9C7D-42F0-9651-BA39806D51A1}.Release|x64.ActiveCfg = Release|Any CPU
		{DDBBEAED-9C7D-42F0-9651-BA39806D51A1}.Release|x64.Build.0 = Release|Any CPU
		{DDBBEAED-9C7D-42F0-9651-BA39806D51A1}.Release|x86.ActiveCfg = Release|Any CPU
		{DDBBEAED-9C7D-42F0-9651-BA39806D51A1}.Release|x86.Build.0 = Release|Any CPU
		{E5E7628E-D43F-418A-B8A5-9677431F6562}.Debug|Any CPU.ActiveCfg = Debug|Any CPU
		{E5E7628E-D43F-418A-B8A5-9677431F6562}.Debug|Any CPU.Build.0 = Debug|Any CPU
		{E5E7628E-D43F-418A-B8A5-9677431F6562}.Debug|x64.ActiveCfg = Debug|Any CPU
		{E5E7628E-D43F-418A-B8A5-9677431F6562}.Debug|x64.Build.0 = Debug|Any CPU
		{E5E7628E-D43F-418A-B8A5-9677431F6562}.Debug|x86.ActiveCfg = Debug|Any CPU
		{E5E7628E-D43F-418A-B8A5-9677431F6562}.Debug|x86.Build.0 = Debug|Any CPU
		{E5E7628E-D43F-418A-B8A5-9677431F6562}.Release|Any CPU.ActiveCfg = Release|Any CPU
		{E5E7628E-D43F-418A-B8A5-9677431F6562}.Release|Any CPU.Build.0 = Release|Any CPU
		{E5E7628E-D43F-418A-B8A5-9677431F6562}.Release|x64.ActiveCfg = Release|Any CPU
		{E5E7628E-D43F-418A-B8A5-9677431F6562}.Release|x64.Build.0 = Release|Any CPU
		{E5E7628E-D43F-418A-B8A5-9677431F6562}.Release|x86.ActiveCfg = Release|Any CPU
		{E5E7628E-D43F-418A-B8A5-9677431F6562}.Release|x86.Build.0 = Release|Any CPU
		{B1391E10-22C1-4235-ACEC-2D1CB9BCFE58}.Debug|Any CPU.ActiveCfg = Debug|Any CPU
		{B1391E10-22C1-4235-ACEC-2D1CB9BCFE58}.Debug|Any CPU.Build.0 = Debug|Any CPU
		{B1391E10-22C1-4235-ACEC-2D1CB9BCFE58}.Debug|x64.ActiveCfg = Debug|Any CPU
		{B1391E10-22C1-4235-ACEC-2D1CB9BCFE58}.Debug|x64.Build.0 = Debug|Any CPU
		{B1391E10-22C1-4235-ACEC-2D1CB9BCFE58}.Debug|x86.ActiveCfg = Debug|Any CPU
		{B1391E10-22C1-4235-ACEC-2D1CB9BCFE58}.Debug|x86.Build.0 = Debug|Any CPU
		{B1391E10-22C1-4235-ACEC-2D1CB9BCFE58}.Release|Any CPU.ActiveCfg = Release|Any CPU
		{B1391E10-22C1-4235-ACEC-2D1CB9BCFE58}.Release|Any CPU.Build.0 = Release|Any CPU
		{B1391E10-22C1-4235-ACEC-2D1CB9BCFE58}.Release|x64.ActiveCfg = Release|Any CPU
		{B1391E10-22C1-4235-ACEC-2D1CB9BCFE58}.Release|x64.Build.0 = Release|Any CPU
		{B1391E10-22C1-4235-ACEC-2D1CB9BCFE58}.Release|x86.ActiveCfg = Release|Any CPU
		{B1391E10-22C1-4235-ACEC-2D1CB9BCFE58}.Release|x86.Build.0 = Release|Any CPU
		{5D5AE690-B5B0-4056-9FD5-620B23698FCE}.Debug|Any CPU.ActiveCfg = Debug|Any CPU
		{5D5AE690-B5B0-4056-9FD5-620B23698FCE}.Debug|Any CPU.Build.0 = Debug|Any CPU
		{5D5AE690-B5B0-4056-9FD5-620B23698FCE}.Debug|x64.ActiveCfg = Debug|Any CPU
		{5D5AE690-B5B0-4056-9FD5-620B23698FCE}.Debug|x64.Build.0 = Debug|Any CPU
		{5D5AE690-B5B0-4056-9FD5-620B23698FCE}.Debug|x86.ActiveCfg = Debug|Any CPU
		{5D5AE690-B5B0-4056-9FD5-620B23698FCE}.Debug|x86.Build.0 = Debug|Any CPU
		{5D5AE690-B5B0-4056-9FD5-620B23698FCE}.Release|Any CPU.ActiveCfg = Release|Any CPU
		{5D5AE690-B5B0-4056-9FD5-620B23698FCE}.Release|Any CPU.Build.0 = Release|Any CPU
		{5D5AE690-B5B0-4056-9FD5-620B23698FCE}.Release|x64.ActiveCfg = Release|Any CPU
		{5D5AE690-B5B0-4056-9FD5-620B23698FCE}.Release|x64.Build.0 = Release|Any CPU
		{5D5AE690-B5B0-4056-9FD5-620B23698FCE}.Release|x86.ActiveCfg = Release|Any CPU
		{5D5AE690-B5B0-4056-9FD5-620B23698FCE}.Release|x86.Build.0 = Release|Any CPU
		{0C588A1C-AD39-4A18-9CAD-89E109ABA9F9}.Debug|Any CPU.ActiveCfg = Debug|Any CPU
		{0C588A1C-AD39-4A18-9CAD-89E109ABA9F9}.Debug|Any CPU.Build.0 = Debug|Any CPU
		{0C588A1C-AD39-4A18-9CAD-89E109ABA9F9}.Debug|x64.ActiveCfg = Debug|Any CPU
		{0C588A1C-AD39-4A18-9CAD-89E109ABA9F9}.Debug|x64.Build.0 = Debug|Any CPU
		{0C588A1C-AD39-4A18-9CAD-89E109ABA9F9}.Debug|x86.ActiveCfg = Debug|Any CPU
		{0C588A1C-AD39-4A18-9CAD-89E109ABA9F9}.Debug|x86.Build.0 = Debug|Any CPU
		{0C588A1C-AD39-4A18-9CAD-89E109ABA9F9}.Release|Any CPU.ActiveCfg = Release|Any CPU
		{0C588A1C-AD39-4A18-9CAD-89E109ABA9F9}.Release|Any CPU.Build.0 = Release|Any CPU
		{0C588A1C-AD39-4A18-9CAD-89E109ABA9F9}.Release|x64.ActiveCfg = Release|Any CPU
		{0C588A1C-AD39-4A18-9CAD-89E109ABA9F9}.Release|x64.Build.0 = Release|Any CPU
		{0C588A1C-AD39-4A18-9CAD-89E109ABA9F9}.Release|x86.ActiveCfg = Release|Any CPU
		{0C588A1C-AD39-4A18-9CAD-89E109ABA9F9}.Release|x86.Build.0 = Release|Any CPU
		{0B2B5CA9-2C0B-430C-AB2E-9FBBD8980709}.Debug|Any CPU.ActiveCfg = Debug|Any CPU
		{0B2B5CA9-2C0B-430C-AB2E-9FBBD8980709}.Debug|Any CPU.Build.0 = Debug|Any CPU
		{0B2B5CA9-2C0B-430C-AB2E-9FBBD8980709}.Debug|x64.ActiveCfg = Debug|Any CPU
		{0B2B5CA9-2C0B-430C-AB2E-9FBBD8980709}.Debug|x64.Build.0 = Debug|Any CPU
		{0B2B5CA9-2C0B-430C-AB2E-9FBBD8980709}.Debug|x86.ActiveCfg = Debug|Any CPU
		{0B2B5CA9-2C0B-430C-AB2E-9FBBD8980709}.Debug|x86.Build.0 = Debug|Any CPU
		{0B2B5CA9-2C0B-430C-AB2E-9FBBD8980709}.Release|Any CPU.ActiveCfg = Release|Any CPU
		{0B2B5CA9-2C0B-430C-AB2E-9FBBD8980709}.Release|Any CPU.Build.0 = Release|Any CPU
		{0B2B5CA9-2C0B-430C-AB2E-9FBBD8980709}.Release|x64.ActiveCfg = Release|Any CPU
		{0B2B5CA9-2C0B-430C-AB2E-9FBBD8980709}.Release|x64.Build.0 = Release|Any CPU
		{0B2B5CA9-2C0B-430C-AB2E-9FBBD8980709}.Release|x86.ActiveCfg = Release|Any CPU
		{0B2B5CA9-2C0B-430C-AB2E-9FBBD8980709}.Release|x86.Build.0 = Release|Any CPU
		{7EF734F9-0CC8-49E9-A608-A215B036A7AA}.Debug|Any CPU.ActiveCfg = Debug|Any CPU
		{7EF734F9-0CC8-49E9-A608-A215B036A7AA}.Debug|Any CPU.Build.0 = Debug|Any CPU
		{7EF734F9-0CC8-49E9-A608-A215B036A7AA}.Debug|x64.ActiveCfg = Debug|Any CPU
		{7EF734F9-0CC8-49E9-A608-A215B036A7AA}.Debug|x64.Build.0 = Debug|Any CPU
		{7EF734F9-0CC8-49E9-A608-A215B036A7AA}.Debug|x86.ActiveCfg = Debug|Any CPU
		{7EF734F9-0CC8-49E9-A608-A215B036A7AA}.Debug|x86.Build.0 = Debug|Any CPU
		{7EF734F9-0CC8-49E9-A608-A215B036A7AA}.Release|Any CPU.ActiveCfg = Release|Any CPU
		{7EF734F9-0CC8-49E9-A608-A215B036A7AA}.Release|Any CPU.Build.0 = Release|Any CPU
		{7EF734F9-0CC8-49E9-A608-A215B036A7AA}.Release|x64.ActiveCfg = Release|Any CPU
		{7EF734F9-0CC8-49E9-A608-A215B036A7AA}.Release|x64.Build.0 = Release|Any CPU
		{7EF734F9-0CC8-49E9-A608-A215B036A7AA}.Release|x86.ActiveCfg = Release|Any CPU
		{7EF734F9-0CC8-49E9-A608-A215B036A7AA}.Release|x86.Build.0 = Release|Any CPU
	EndGlobalSection
EndGlobal
